
Microsoft Visual Studio Solution File, Format Version 12.00
# Visual Studio Version 16
VisualStudioVersion = 16.0.32929.386
MinimumVisualStudioVersion = 10.0.40219.1
Project("{FAE04EC0-301F-11D3-BF4B-00C04F79EFBC}") = "BookAPI", "BookAPI\BookAPI.csproj", "{0487482E-81AB-4DF8-A1CC-253C5572C9ED}"
EndProject
Global
	GlobalSection(SolutionConfigurationPlatforms) = preSolution
		Debug|Any CPU = Debug|Any CPU
		Release|Any CPU = Release|Any CPU
	EndGlobalSection
	GlobalSection(ProjectConfigurationPlatforms) = postSolution
		{0487482E-81AB-4DF8-A1CC-253C5572C9ED}.Debug|Any CPU.ActiveCfg = Debug|Any CPU
		{0487482E-81AB-4DF8-A1CC-253C5572C9ED}.Debug|Any CPU.Build.0 = Debug|Any CPU
		{0487482E-81AB-4DF8-A1CC-253C5572C9ED}.Release|Any CPU.ActiveCfg = Release|Any CPU
		{0487482E-81AB-4DF8-A1CC-253C5572C9ED}.Release|Any CPU.Build.0 = Release|Any CPU
	EndGlobalSection
	GlobalSection(SolutionProperties) = preSolution
		HideSolutionNode = FALSE
	EndGlobalSection
	GlobalSection(ExtensibilityGlobals) = postSolution
		SolutionGuid = {77DF36B8-1E5C-453F-A0C7-BCD0D5A74E77}
	EndGlobalSection
EndGlobal
